// !$*UTF8*$!
{
	archiveVersion = 1;
	classes = {
	};
	objectVersion = 56;
	objects = {

/* Begin PBXBuildFile section */
		8CDB8A612906C30A0088D972 /* AppDelegate.swift in Sources */ = {isa = PBXBuildFile; fileRef = 8CDB8A602906C30A0088D972 /* AppDelegate.swift */; };
		8CDB8A632906C30A0088D972 /* SceneDelegate.swift in Sources */ = {isa = PBXBuildFile; fileRef = 8CDB8A622906C30A0088D972 /* SceneDelegate.swift */; };
		8CDB8A6B2906C30A0088D972 /* MovieDiary.xcdatamodeld in Sources */ = {isa = PBXBuildFile; fileRef = 8CDB8A692906C30A0088D972 /* MovieDiary.xcdatamodeld */; };
		8CDB8A6D2906C30C0088D972 /* Assets.xcassets in Resources */ = {isa = PBXBuildFile; fileRef = 8CDB8A6C2906C30C0088D972 /* Assets.xcassets */; };
		8CDB8A7B2906C30D0088D972 /* MovieDiaryTests.swift in Sources */ = {isa = PBXBuildFile; fileRef = 8CDB8A7A2906C30D0088D972 /* MovieDiaryTests.swift */; };
		8CDB8A852906C30D0088D972 /* MovieDiaryUITests.swift in Sources */ = {isa = PBXBuildFile; fileRef = 8CDB8A842906C30D0088D972 /* MovieDiaryUITests.swift */; };
		8CDB8A872906C30D0088D972 /* MovieDiaryUITestsLaunchTests.swift in Sources */ = {isa = PBXBuildFile; fileRef = 8CDB8A862906C30D0088D972 /* MovieDiaryUITestsLaunchTests.swift */; };
		8CDB8AA82906C6430088D972 /* MovieDetailData.swift in Sources */ = {isa = PBXBuildFile; fileRef = 8CDB8A992906C6420088D972 /* MovieDetailData.swift */; };
		8CDB8AA92906C6430088D972 /* BoxOfficeHelper.swift in Sources */ = {isa = PBXBuildFile; fileRef = 8CDB8A9A2906C6420088D972 /* BoxOfficeHelper.swift */; };
		8CDB8AAA2906C6430088D972 /* MoviePosterData.swift in Sources */ = {isa = PBXBuildFile; fileRef = 8CDB8A9B2906C6420088D972 /* MoviePosterData.swift */; };
		8CDB8AAB2906C6430088D972 /* BoxOfficeData.swift in Sources */ = {isa = PBXBuildFile; fileRef = 8CDB8A9C2906C6420088D972 /* BoxOfficeData.swift */; };
		8CDB8AAC2906C6430088D972 /* ImageCacheManager.swift in Sources */ = {isa = PBXBuildFile; fileRef = 8CDB8A9E2906C6420088D972 /* ImageCacheManager.swift */; };
		8CDB8AAD2906C6430088D972 /* BoxOfficeService.swift in Sources */ = {isa = PBXBuildFile; fileRef = 8CDB8A9F2906C6420088D972 /* BoxOfficeService.swift */; };
		8CDB8AAE2906C6430088D972 /* BoxOfficeDetailsView.swift in Sources */ = {isa = PBXBuildFile; fileRef = 8CDB8AA22906C6430088D972 /* BoxOfficeDetailsView.swift */; };
		8CDB8AAF2906C6430088D972 /* BoxOfficeDetailsViewController.swift in Sources */ = {isa = PBXBuildFile; fileRef = 8CDB8AA32906C6430088D972 /* BoxOfficeDetailsViewController.swift */; };
		8CDB8AB02906C6430088D972 /* BoxOfficeViewController.swift in Sources */ = {isa = PBXBuildFile; fileRef = 8CDB8AA52906C6430088D972 /* BoxOfficeViewController.swift */; };
		8CDB8AB12906C6430088D972 /* BoxOfficeView.swift in Sources */ = {isa = PBXBuildFile; fileRef = 8CDB8AA62906C6430088D972 /* BoxOfficeView.swift */; };
		8CDB8AB22906C6430088D972 /* BoxOfficeTableViewCell.swift in Sources */ = {isa = PBXBuildFile; fileRef = 8CDB8AA72906C6430088D972 /* BoxOfficeTableViewCell.swift */; };
		8CDB8AB52906C6550088D972 /* UIImageView+Extension.swift in Sources */ = {isa = PBXBuildFile; fileRef = 8CDB8AB42906C6550088D972 /* UIImageView+Extension.swift */; };
		8CDB8AB72906C8B40088D972 /* KeyList.plist in Resources */ = {isa = PBXBuildFile; fileRef = 8CDB8AB62906C8B40088D972 /* KeyList.plist */; };
		8CDB8ABA2906CEB60088D972 /* MovieReviewListView.swift in Sources */ = {isa = PBXBuildFile; fileRef = 8CDB8AB92906CEB60088D972 /* MovieReviewListView.swift */; };
		8CDB8ABC2906CF150088D972 /* MovieReviewListViewController.swift in Sources */ = {isa = PBXBuildFile; fileRef = 8CDB8ABB2906CF150088D972 /* MovieReviewListViewController.swift */; };
		8CDB8ABE2906D5850088D972 /* MovieReviewListTableViewCell.swift in Sources */ = {isa = PBXBuildFile; fileRef = 8CDB8ABD2906D5850088D972 /* MovieReviewListTableViewCell.swift */; };
		8CDB8AC12907F8220088D972 /* MovieSearchViewController.swift in Sources */ = {isa = PBXBuildFile; fileRef = 8CDB8AC02907F8220088D972 /* MovieSearchViewController.swift */; };
		8CDB8AC32907F8460088D972 /* MovieSearchView.swift in Sources */ = {isa = PBXBuildFile; fileRef = 8CDB8AC22907F8460088D972 /* MovieSearchView.swift */; };
		8CDB8AC52907FDEE0088D972 /* MovieSearchTableViewCell.swift in Sources */ = {isa = PBXBuildFile; fileRef = 8CDB8AC42907FDEE0088D972 /* MovieSearchTableViewCell.swift */; };
		8CDB8AC72908259F0088D972 /* MovieSearchData.swift in Sources */ = {isa = PBXBuildFile; fileRef = 8CDB8AC62908259F0088D972 /* MovieSearchData.swift */; };
		8CDB8AC9290837980088D972 /* MovieSearchHelper.swift in Sources */ = {isa = PBXBuildFile; fileRef = 8CDB8AC8290837980088D972 /* MovieSearchHelper.swift */; };
		8CDB8ACD290956050088D972 /* ReviewWriteView.swift in Sources */ = {isa = PBXBuildFile; fileRef = 8CDB8ACC290956050088D972 /* ReviewWriteView.swift */; };
		8CDB8ACF290956110088D972 /* ReviewWriteViewController.swift in Sources */ = {isa = PBXBuildFile; fileRef = 8CDB8ACE290956110088D972 /* ReviewWriteViewController.swift */; };
		8CDB8AD2290AC0980088D972 /* CoreDataManger.swift in Sources */ = {isa = PBXBuildFile; fileRef = 8CDB8AD1290AC0980088D972 /* CoreDataManger.swift */; };
		8CDB8AD8290AE49C0088D972 /* ReviewManager.swift in Sources */ = {isa = PBXBuildFile; fileRef = 8CDB8AD7290AE49C0088D972 /* ReviewManager.swift */; };
		8CDB8ADD290C05550088D972 /* MovieReviewDetailView.swift in Sources */ = {isa = PBXBuildFile; fileRef = 8CDB8ADC290C05550088D972 /* MovieReviewDetailView.swift */; };
		8CDB8ADF290C05620088D972 /* MovieReviewDetailViewController.swift in Sources */ = {isa = PBXBuildFile; fileRef = 8CDB8ADE290C05620088D972 /* MovieReviewDetailViewController.swift */; };
		8CDB8AE4290EADC50088D972 /* ReviewHelper.swift in Sources */ = {isa = PBXBuildFile; fileRef = 8CDB8AE3290EADC50088D972 /* ReviewHelper.swift */; };
		8CDB8AE7290EB4290088D972 /* SettingViewController.swift in Sources */ = {isa = PBXBuildFile; fileRef = 8CDB8AE6290EB4290088D972 /* SettingViewController.swift */; };
		8CDB8AEA290EB43E0088D972 /* SettingView.swift in Sources */ = {isa = PBXBuildFile; fileRef = 8CDB8AE9290EB43E0088D972 /* SettingView.swift */; };
		8CDB8AEE290EC7ED0088D972 /* MessageUI+Extension.swift in Sources */ = {isa = PBXBuildFile; fileRef = 8CDB8AED290EC7ED0088D972 /* MessageUI+Extension.swift */; };
		8CDB8AF0290FB6B60088D972 /* UIImageView+Cache.swift in Sources */ = {isa = PBXBuildFile; fileRef = 8CDB8AEF290FB6B60088D972 /* UIImageView+Cache.swift */; };
		8CDB8AF2290FC4DB0088D972 /* Date+Extension.swift in Sources */ = {isa = PBXBuildFile; fileRef = 8CDB8AF1290FC4DB0088D972 /* Date+Extension.swift */; };
		8CDB8AF4290FCBCF0088D972 /* UIImage+Extension.swift in Sources */ = {isa = PBXBuildFile; fileRef = 8CDB8AF3290FCBCF0088D972 /* UIImage+Extension.swift */; };
/* End PBXBuildFile section */

/* Begin PBXContainerItemProxy section */
		8CDB8A772906C30D0088D972 /* PBXContainerItemProxy */ = {
			isa = PBXContainerItemProxy;
			containerPortal = 8CDB8A552906C30A0088D972 /* Project object */;
			proxyType = 1;
			remoteGlobalIDString = 8CDB8A5C2906C30A0088D972;
			remoteInfo = MovieDiary;
		};
		8CDB8A812906C30D0088D972 /* PBXContainerItemProxy */ = {
			isa = PBXContainerItemProxy;
			containerPortal = 8CDB8A552906C30A0088D972 /* Project object */;
			proxyType = 1;
			remoteGlobalIDString = 8CDB8A5C2906C30A0088D972;
			remoteInfo = MovieDiary;
		};
/* End PBXContainerItemProxy section */

/* Begin PBXFileReference section */
		8CDB8A5D2906C30A0088D972 /* MovieDiary.app */ = {isa = PBXFileReference; explicitFileType = wrapper.application; includeInIndex = 0; path = MovieDiary.app; sourceTree = BUILT_PRODUCTS_DIR; };
		8CDB8A602906C30A0088D972 /* AppDelegate.swift */ = {isa = PBXFileReference; lastKnownFileType = sourcecode.swift; path = AppDelegate.swift; sourceTree = "<group>"; };
		8CDB8A622906C30A0088D972 /* SceneDelegate.swift */ = {isa = PBXFileReference; lastKnownFileType = sourcecode.swift; path = SceneDelegate.swift; sourceTree = "<group>"; };
		8CDB8A6A2906C30A0088D972 /* MovieDiary.xcdatamodel */ = {isa = PBXFileReference; lastKnownFileType = wrapper.xcdatamodel; path = MovieDiary.xcdatamodel; sourceTree = "<group>"; };
		8CDB8A6C2906C30C0088D972 /* Assets.xcassets */ = {isa = PBXFileReference; lastKnownFileType = folder.assetcatalog; path = Assets.xcassets; sourceTree = "<group>"; };
		8CDB8A712906C30C0088D972 /* Info.plist */ = {isa = PBXFileReference; lastKnownFileType = text.plist.xml; path = Info.plist; sourceTree = "<group>"; };
		8CDB8A762906C30D0088D972 /* MovieDiaryTests.xctest */ = {isa = PBXFileReference; explicitFileType = wrapper.cfbundle; includeInIndex = 0; path = MovieDiaryTests.xctest; sourceTree = BUILT_PRODUCTS_DIR; };
		8CDB8A7A2906C30D0088D972 /* MovieDiaryTests.swift */ = {isa = PBXFileReference; lastKnownFileType = sourcecode.swift; path = MovieDiaryTests.swift; sourceTree = "<group>"; };
		8CDB8A802906C30D0088D972 /* MovieDiaryUITests.xctest */ = {isa = PBXFileReference; explicitFileType = wrapper.cfbundle; includeInIndex = 0; path = MovieDiaryUITests.xctest; sourceTree = BUILT_PRODUCTS_DIR; };
		8CDB8A842906C30D0088D972 /* MovieDiaryUITests.swift */ = {isa = PBXFileReference; lastKnownFileType = sourcecode.swift; path = MovieDiaryUITests.swift; sourceTree = "<group>"; };
		8CDB8A862906C30D0088D972 /* MovieDiaryUITestsLaunchTests.swift */ = {isa = PBXFileReference; lastKnownFileType = sourcecode.swift; path = MovieDiaryUITestsLaunchTests.swift; sourceTree = "<group>"; };
		8CDB8A992906C6420088D972 /* MovieDetailData.swift */ = {isa = PBXFileReference; fileEncoding = 4; lastKnownFileType = sourcecode.swift; path = MovieDetailData.swift; sourceTree = "<group>"; };
		8CDB8A9A2906C6420088D972 /* BoxOfficeHelper.swift */ = {isa = PBXFileReference; fileEncoding = 4; lastKnownFileType = sourcecode.swift; path = BoxOfficeHelper.swift; sourceTree = "<group>"; };
		8CDB8A9B2906C6420088D972 /* MoviePosterData.swift */ = {isa = PBXFileReference; fileEncoding = 4; lastKnownFileType = sourcecode.swift; path = MoviePosterData.swift; sourceTree = "<group>"; };
		8CDB8A9C2906C6420088D972 /* BoxOfficeData.swift */ = {isa = PBXFileReference; fileEncoding = 4; lastKnownFileType = sourcecode.swift; path = BoxOfficeData.swift; sourceTree = "<group>"; };
		8CDB8A9E2906C6420088D972 /* ImageCacheManager.swift */ = {isa = PBXFileReference; fileEncoding = 4; lastKnownFileType = sourcecode.swift; path = ImageCacheManager.swift; sourceTree = "<group>"; };
		8CDB8A9F2906C6420088D972 /* BoxOfficeService.swift */ = {isa = PBXFileReference; fileEncoding = 4; lastKnownFileType = sourcecode.swift; path = BoxOfficeService.swift; sourceTree = "<group>"; };
		8CDB8AA22906C6430088D972 /* BoxOfficeDetailsView.swift */ = {isa = PBXFileReference; fileEncoding = 4; lastKnownFileType = sourcecode.swift; path = BoxOfficeDetailsView.swift; sourceTree = "<group>"; };
		8CDB8AA32906C6430088D972 /* BoxOfficeDetailsViewController.swift */ = {isa = PBXFileReference; fileEncoding = 4; lastKnownFileType = sourcecode.swift; path = BoxOfficeDetailsViewController.swift; sourceTree = "<group>"; };
		8CDB8AA52906C6430088D972 /* BoxOfficeViewController.swift */ = {isa = PBXFileReference; fileEncoding = 4; lastKnownFileType = sourcecode.swift; path = BoxOfficeViewController.swift; sourceTree = "<group>"; };
		8CDB8AA62906C6430088D972 /* BoxOfficeView.swift */ = {isa = PBXFileReference; fileEncoding = 4; lastKnownFileType = sourcecode.swift; path = BoxOfficeView.swift; sourceTree = "<group>"; };
		8CDB8AA72906C6430088D972 /* BoxOfficeTableViewCell.swift */ = {isa = PBXFileReference; fileEncoding = 4; lastKnownFileType = sourcecode.swift; path = BoxOfficeTableViewCell.swift; sourceTree = "<group>"; };
		8CDB8AB42906C6550088D972 /* UIImageView+Extension.swift */ = {isa = PBXFileReference; fileEncoding = 4; lastKnownFileType = sourcecode.swift; path = "UIImageView+Extension.swift"; sourceTree = "<group>"; };
		8CDB8AB62906C8B40088D972 /* KeyList.plist */ = {isa = PBXFileReference; fileEncoding = 4; lastKnownFileType = text.plist.xml; path = KeyList.plist; sourceTree = "<group>"; };
		8CDB8AB92906CEB60088D972 /* MovieReviewListView.swift */ = {isa = PBXFileReference; lastKnownFileType = sourcecode.swift; path = MovieReviewListView.swift; sourceTree = "<group>"; };
		8CDB8ABB2906CF150088D972 /* MovieReviewListViewController.swift */ = {isa = PBXFileReference; lastKnownFileType = sourcecode.swift; path = MovieReviewListViewController.swift; sourceTree = "<group>"; };
		8CDB8ABD2906D5850088D972 /* MovieReviewListTableViewCell.swift */ = {isa = PBXFileReference; lastKnownFileType = sourcecode.swift; path = MovieReviewListTableViewCell.swift; sourceTree = "<group>"; };
		8CDB8AC02907F8220088D972 /* MovieSearchViewController.swift */ = {isa = PBXFileReference; lastKnownFileType = sourcecode.swift; path = MovieSearchViewController.swift; sourceTree = "<group>"; };
		8CDB8AC22907F8460088D972 /* MovieSearchView.swift */ = {isa = PBXFileReference; lastKnownFileType = sourcecode.swift; path = MovieSearchView.swift; sourceTree = "<group>"; };
		8CDB8AC42907FDEE0088D972 /* MovieSearchTableViewCell.swift */ = {isa = PBXFileReference; lastKnownFileType = sourcecode.swift; path = MovieSearchTableViewCell.swift; sourceTree = "<group>"; };
		8CDB8AC62908259F0088D972 /* MovieSearchData.swift */ = {isa = PBXFileReference; lastKnownFileType = sourcecode.swift; path = MovieSearchData.swift; sourceTree = "<group>"; };
		8CDB8AC8290837980088D972 /* MovieSearchHelper.swift */ = {isa = PBXFileReference; lastKnownFileType = sourcecode.swift; path = MovieSearchHelper.swift; sourceTree = "<group>"; };
		8CDB8ACC290956050088D972 /* ReviewWriteView.swift */ = {isa = PBXFileReference; lastKnownFileType = sourcecode.swift; path = ReviewWriteView.swift; sourceTree = "<group>"; };
		8CDB8ACE290956110088D972 /* ReviewWriteViewController.swift */ = {isa = PBXFileReference; lastKnownFileType = sourcecode.swift; path = ReviewWriteViewController.swift; sourceTree = "<group>"; };
		8CDB8AD1290AC0980088D972 /* CoreDataManger.swift */ = {isa = PBXFileReference; lastKnownFileType = sourcecode.swift; path = CoreDataManger.swift; sourceTree = "<group>"; };
		8CDB8AD7290AE49C0088D972 /* ReviewManager.swift */ = {isa = PBXFileReference; lastKnownFileType = sourcecode.swift; path = ReviewManager.swift; sourceTree = "<group>"; };
		8CDB8ADC290C05550088D972 /* MovieReviewDetailView.swift */ = {isa = PBXFileReference; lastKnownFileType = sourcecode.swift; path = MovieReviewDetailView.swift; sourceTree = "<group>"; };
		8CDB8ADE290C05620088D972 /* MovieReviewDetailViewController.swift */ = {isa = PBXFileReference; lastKnownFileType = sourcecode.swift; path = MovieReviewDetailViewController.swift; sourceTree = "<group>"; };
		8CDB8AE3290EADC50088D972 /* ReviewHelper.swift */ = {isa = PBXFileReference; lastKnownFileType = sourcecode.swift; path = ReviewHelper.swift; sourceTree = "<group>"; };
		8CDB8AE6290EB4290088D972 /* SettingViewController.swift */ = {isa = PBXFileReference; lastKnownFileType = sourcecode.swift; path = SettingViewController.swift; sourceTree = "<group>"; };
		8CDB8AE9290EB43E0088D972 /* SettingView.swift */ = {isa = PBXFileReference; lastKnownFileType = sourcecode.swift; path = SettingView.swift; sourceTree = "<group>"; };
		8CDB8AED290EC7ED0088D972 /* MessageUI+Extension.swift */ = {isa = PBXFileReference; lastKnownFileType = sourcecode.swift; path = "MessageUI+Extension.swift"; sourceTree = "<group>"; };
		8CDB8AEF290FB6B60088D972 /* UIImageView+Cache.swift */ = {isa = PBXFileReference; lastKnownFileType = sourcecode.swift; path = "UIImageView+Cache.swift"; sourceTree = "<group>"; };
		8CDB8AF1290FC4DB0088D972 /* Date+Extension.swift */ = {isa = PBXFileReference; lastKnownFileType = sourcecode.swift; path = "Date+Extension.swift"; sourceTree = "<group>"; };
		8CDB8AF3290FCBCF0088D972 /* UIImage+Extension.swift */ = {isa = PBXFileReference; lastKnownFileType = sourcecode.swift; path = "UIImage+Extension.swift"; sourceTree = "<group>"; };
/* End PBXFileReference section */

/* Begin PBXFrameworksBuildPhase section */
		8CDB8A5A2906C30A0088D972 /* Frameworks */ = {
			isa = PBXFrameworksBuildPhase;
			buildActionMask = 2147483647;
			files = (
			);
			runOnlyForDeploymentPostprocessing = 0;
		};
		8CDB8A732906C30D0088D972 /* Frameworks */ = {
			isa = PBXFrameworksBuildPhase;
			buildActionMask = 2147483647;
			files = (
			);
			runOnlyForDeploymentPostprocessing = 0;
		};
		8CDB8A7D2906C30D0088D972 /* Frameworks */ = {
			isa = PBXFrameworksBuildPhase;
			buildActionMask = 2147483647;
			files = (
			);
			runOnlyForDeploymentPostprocessing = 0;
		};
/* End PBXFrameworksBuildPhase section */

/* Begin PBXGroup section */
		8CDB8A542906C30A0088D972 = {
			isa = PBXGroup;
			children = (
				8CDB8A5F2906C30A0088D972 /* MovieDiary */,
				8CDB8A972906C50A0088D972 /* UnitTests */,
				8CDB8A5E2906C30A0088D972 /* Products */,
			);
			sourceTree = "<group>";
		};
		8CDB8A5E2906C30A0088D972 /* Products */ = {
			isa = PBXGroup;
			children = (
				8CDB8A5D2906C30A0088D972 /* MovieDiary.app */,
				8CDB8A762906C30D0088D972 /* MovieDiaryTests.xctest */,
				8CDB8A802906C30D0088D972 /* MovieDiaryUITests.xctest */,
			);
			name = Products;
			sourceTree = "<group>";
		};
		8CDB8A5F2906C30A0088D972 /* MovieDiary */ = {
			isa = PBXGroup;
			children = (
				8CDB8A932906C4640088D972 /* Application */,
				8CDB8A942906C4780088D972 /* Resource */,
				8CDB8A952906C4850088D972 /* Source */,
			);
			path = MovieDiary;
			sourceTree = "<group>";
		};
		8CDB8A792906C30D0088D972 /* MovieDiaryTests */ = {
			isa = PBXGroup;
			children = (
				8CDB8A7A2906C30D0088D972 /* MovieDiaryTests.swift */,
			);
			path = MovieDiaryTests;
			sourceTree = "<group>";
		};
		8CDB8A832906C30D0088D972 /* MovieDiaryUITests */ = {
			isa = PBXGroup;
			children = (
				8CDB8A842906C30D0088D972 /* MovieDiaryUITests.swift */,
				8CDB8A862906C30D0088D972 /* MovieDiaryUITestsLaunchTests.swift */,
			);
			path = MovieDiaryUITests;
			sourceTree = "<group>";
		};
		8CDB8A932906C4640088D972 /* Application */ = {
			isa = PBXGroup;
			children = (
				8CDB8A712906C30C0088D972 /* Info.plist */,
				8CDB8AB62906C8B40088D972 /* KeyList.plist */,
			);
			path = Application;
			sourceTree = "<group>";
		};
		8CDB8A942906C4780088D972 /* Resource */ = {
			isa = PBXGroup;
			children = (
				8CDB8A6C2906C30C0088D972 /* Assets.xcassets */,
			);
			path = Resource;
			sourceTree = "<group>";
		};
		8CDB8A952906C4850088D972 /* Source */ = {
			isa = PBXGroup;
			children = (
				8CDB8AD0290AC0840088D972 /* Managers */,
				8CDB8A962906C4A20088D972 /* LifeCycles */,
				8CDB8AB32906C6550088D972 /* Extensions */,
				8CDB8A982906C6420088D972 /* Model */,
				8CDB8A9D2906C6420088D972 /* Service */,
				8CDB8AA02906C6430088D972 /* Views */,
			);
			path = Source;
			sourceTree = "<group>";
		};
		8CDB8A962906C4A20088D972 /* LifeCycles */ = {
			isa = PBXGroup;
			children = (
				8CDB8A602906C30A0088D972 /* AppDelegate.swift */,
				8CDB8A622906C30A0088D972 /* SceneDelegate.swift */,
			);
			path = LifeCycles;
			sourceTree = "<group>";
		};
		8CDB8A972906C50A0088D972 /* UnitTests */ = {
			isa = PBXGroup;
			children = (
				8CDB8A832906C30D0088D972 /* MovieDiaryUITests */,
				8CDB8A792906C30D0088D972 /* MovieDiaryTests */,
			);
			path = UnitTests;
			sourceTree = "<group>";
		};
		8CDB8A982906C6420088D972 /* Model */ = {
			isa = PBXGroup;
			children = (
				8CDB8AE2290D6E090088D972 /* Helpers */,
				8CDB8A692906C30A0088D972 /* MovieDiary.xcdatamodeld */,
				8CDB8A992906C6420088D972 /* MovieDetailData.swift */,
				8CDB8A9B2906C6420088D972 /* MoviePosterData.swift */,
				8CDB8A9C2906C6420088D972 /* BoxOfficeData.swift */,
				8CDB8AC62908259F0088D972 /* MovieSearchData.swift */,
			);
			path = Model;
			sourceTree = "<group>";
		};
		8CDB8A9D2906C6420088D972 /* Service */ = {
			isa = PBXGroup;
			children = (
				8CDB8A9E2906C6420088D972 /* ImageCacheManager.swift */,
				8CDB8A9F2906C6420088D972 /* BoxOfficeService.swift */,
			);
			path = Service;
			sourceTree = "<group>";
		};
		8CDB8AA02906C6430088D972 /* Views */ = {
			isa = PBXGroup;
			children = (
				8CDB8AB82906CE3F0088D972 /* MovieReviewList */,
				8CDB8ADB290C05360088D972 /* MovieReviewDetail */,
				8CDB8ACB290955B30088D972 /* ReviewWrite */,
				8CDB8ABF2907F80B0088D972 /* MovieSearch */,
				8CDB8AA42906C6430088D972 /* BoxOffice */,
				8CDB8AA12906C6430088D972 /* BoxOfficeDetails */,
				8CDB8AE5290EB4040088D972 /* Setting */,
			);
			path = Views;
			sourceTree = "<group>";
		};
		8CDB8AA12906C6430088D972 /* BoxOfficeDetails */ = {
			isa = PBXGroup;
			children = (
				8CDB8AA22906C6430088D972 /* BoxOfficeDetailsView.swift */,
				8CDB8AA32906C6430088D972 /* BoxOfficeDetailsViewController.swift */,
			);
			path = BoxOfficeDetails;
			sourceTree = "<group>";
		};
		8CDB8AA42906C6430088D972 /* BoxOffice */ = {
			isa = PBXGroup;
			children = (
				8CDB8AA52906C6430088D972 /* BoxOfficeViewController.swift */,
				8CDB8AA62906C6430088D972 /* BoxOfficeView.swift */,
				8CDB8AA72906C6430088D972 /* BoxOfficeTableViewCell.swift */,
			);
			path = BoxOffice;
			sourceTree = "<group>";
		};
		8CDB8AB32906C6550088D972 /* Extensions */ = {
			isa = PBXGroup;
			children = (
				8CDB8AB42906C6550088D972 /* UIImageView+Extension.swift */,
				8CDB8AED290EC7ED0088D972 /* MessageUI+Extension.swift */,
				8CDB8AEF290FB6B60088D972 /* UIImageView+Cache.swift */,
				8CDB8AF1290FC4DB0088D972 /* Date+Extension.swift */,
				8CDB8AF3290FCBCF0088D972 /* UIImage+Extension.swift */,
			);
			path = Extensions;
			sourceTree = "<group>";
		};
		8CDB8AB82906CE3F0088D972 /* MovieReviewList */ = {
			isa = PBXGroup;
			children = (
				8CDB8AB92906CEB60088D972 /* MovieReviewListView.swift */,
				8CDB8ABB2906CF150088D972 /* MovieReviewListViewController.swift */,
				8CDB8ABD2906D5850088D972 /* MovieReviewListTableViewCell.swift */,
			);
			path = MovieReviewList;
			sourceTree = "<group>";
		};
		8CDB8ABF2907F80B0088D972 /* MovieSearch */ = {
			isa = PBXGroup;
			children = (
				8CDB8AC02907F8220088D972 /* MovieSearchViewController.swift */,
				8CDB8AC22907F8460088D972 /* MovieSearchView.swift */,
				8CDB8AC42907FDEE0088D972 /* MovieSearchTableViewCell.swift */,
			);
			path = MovieSearch;
			sourceTree = "<group>";
		};
		8CDB8ACB290955B30088D972 /* ReviewWrite */ = {
			isa = PBXGroup;
			children = (
				8CDB8ACC290956050088D972 /* ReviewWriteView.swift */,
				8CDB8ACE290956110088D972 /* ReviewWriteViewController.swift */,
			);
			path = ReviewWrite;
			sourceTree = "<group>";
		};
		8CDB8AD0290AC0840088D972 /* Managers */ = {
			isa = PBXGroup;
			children = (
				8CDB8AD1290AC0980088D972 /* CoreDataManger.swift */,
				8CDB8AD7290AE49C0088D972 /* ReviewManager.swift */,
			);
			path = Managers;
			sourceTree = "<group>";
		};
		8CDB8ADB290C05360088D972 /* MovieReviewDetail */ = {
			isa = PBXGroup;
			children = (
				8CDB8ADC290C05550088D972 /* MovieReviewDetailView.swift */,
				8CDB8ADE290C05620088D972 /* MovieReviewDetailViewController.swift */,
			);
			path = MovieReviewDetail;
			sourceTree = "<group>";
		};
		8CDB8AE2290D6E090088D972 /* Helpers */ = {
			isa = PBXGroup;
			children = (
				8CDB8A9A2906C6420088D972 /* BoxOfficeHelper.swift */,
				8CDB8AC8290837980088D972 /* MovieSearchHelper.swift */,
				8CDB8AE3290EADC50088D972 /* ReviewHelper.swift */,
			);
			path = Helpers;
			sourceTree = "<group>";
		};
		8CDB8AE5290EB4040088D972 /* Setting */ = {
			isa = PBXGroup;
			children = (
				8CDB8AE9290EB43E0088D972 /* SettingView.swift */,
				8CDB8AE6290EB4290088D972 /* SettingViewController.swift */,
			);
			path = Setting;
			sourceTree = "<group>";
		};
/* End PBXGroup section */

/* Begin PBXNativeTarget section */
		8CDB8A5C2906C30A0088D972 /* MovieDiary */ = {
			isa = PBXNativeTarget;
			buildConfigurationList = 8CDB8A8A2906C30D0088D972 /* Build configuration list for PBXNativeTarget "MovieDiary" */;
			buildPhases = (
				8CDB8A592906C30A0088D972 /* Sources */,
				8CDB8A5A2906C30A0088D972 /* Frameworks */,
				8CDB8A5B2906C30A0088D972 /* Resources */,
			);
			buildRules = (
			);
			dependencies = (
			);
			name = MovieDiary;
			productName = MovieDiary;
			productReference = 8CDB8A5D2906C30A0088D972 /* MovieDiary.app */;
			productType = "com.apple.product-type.application";
		};
		8CDB8A752906C30D0088D972 /* MovieDiaryTests */ = {
			isa = PBXNativeTarget;
			buildConfigurationList = 8CDB8A8D2906C30D0088D972 /* Build configuration list for PBXNativeTarget "MovieDiaryTests" */;
			buildPhases = (
				8CDB8A722906C30D0088D972 /* Sources */,
				8CDB8A732906C30D0088D972 /* Frameworks */,
				8CDB8A742906C30D0088D972 /* Resources */,
			);
			buildRules = (
			);
			dependencies = (
				8CDB8A782906C30D0088D972 /* PBXTargetDependency */,
			);
			name = MovieDiaryTests;
			productName = MovieDiaryTests;
			productReference = 8CDB8A762906C30D0088D972 /* MovieDiaryTests.xctest */;
			productType = "com.apple.product-type.bundle.unit-test";
		};
		8CDB8A7F2906C30D0088D972 /* MovieDiaryUITests */ = {
			isa = PBXNativeTarget;
			buildConfigurationList = 8CDB8A902906C30D0088D972 /* Build configuration list for PBXNativeTarget "MovieDiaryUITests" */;
			buildPhases = (
				8CDB8A7C2906C30D0088D972 /* Sources */,
				8CDB8A7D2906C30D0088D972 /* Frameworks */,
				8CDB8A7E2906C30D0088D972 /* Resources */,
			);
			buildRules = (
			);
			dependencies = (
				8CDB8A822906C30D0088D972 /* PBXTargetDependency */,
			);
			name = MovieDiaryUITests;
			productName = MovieDiaryUITests;
			productReference = 8CDB8A802906C30D0088D972 /* MovieDiaryUITests.xctest */;
			productType = "com.apple.product-type.bundle.ui-testing";
		};
/* End PBXNativeTarget section */

/* Begin PBXProject section */
		8CDB8A552906C30A0088D972 /* Project object */ = {
			isa = PBXProject;
			attributes = {
				BuildIndependentTargetsInParallel = 1;
				LastSwiftUpdateCheck = 1400;
				LastUpgradeCheck = 1400;
				TargetAttributes = {
					8CDB8A5C2906C30A0088D972 = {
						CreatedOnToolsVersion = 14.0;
					};
					8CDB8A752906C30D0088D972 = {
						CreatedOnToolsVersion = 14.0;
						TestTargetID = 8CDB8A5C2906C30A0088D972;
					};
					8CDB8A7F2906C30D0088D972 = {
						CreatedOnToolsVersion = 14.0;
						TestTargetID = 8CDB8A5C2906C30A0088D972;
					};
				};
			};
			buildConfigurationList = 8CDB8A582906C30A0088D972 /* Build configuration list for PBXProject "MovieDiary" */;
			compatibilityVersion = "Xcode 14.0";
			developmentRegion = en;
			hasScannedForEncodings = 0;
			knownRegions = (
				en,
				Base,
			);
			mainGroup = 8CDB8A542906C30A0088D972;
			productRefGroup = 8CDB8A5E2906C30A0088D972 /* Products */;
			projectDirPath = "";
			projectRoot = "";
			targets = (
				8CDB8A5C2906C30A0088D972 /* MovieDiary */,
				8CDB8A752906C30D0088D972 /* MovieDiaryTests */,
				8CDB8A7F2906C30D0088D972 /* MovieDiaryUITests */,
			);
		};
/* End PBXProject section */

/* Begin PBXResourcesBuildPhase section */
		8CDB8A5B2906C30A0088D972 /* Resources */ = {
			isa = PBXResourcesBuildPhase;
			buildActionMask = 2147483647;
			files = (
				8CDB8AB72906C8B40088D972 /* KeyList.plist in Resources */,
				8CDB8A6D2906C30C0088D972 /* Assets.xcassets in Resources */,
			);
			runOnlyForDeploymentPostprocessing = 0;
		};
		8CDB8A742906C30D0088D972 /* Resources */ = {
			isa = PBXResourcesBuildPhase;
			buildActionMask = 2147483647;
			files = (
			);
			runOnlyForDeploymentPostprocessing = 0;
		};
		8CDB8A7E2906C30D0088D972 /* Resources */ = {
			isa = PBXResourcesBuildPhase;
			buildActionMask = 2147483647;
			files = (
			);
			runOnlyForDeploymentPostprocessing = 0;
		};
/* End PBXResourcesBuildPhase section */

/* Begin PBXSourcesBuildPhase section */
		8CDB8A592906C30A0088D972 /* Sources */ = {
			isa = PBXSourcesBuildPhase;
			buildActionMask = 2147483647;
			files = (
				8CDB8AB52906C6550088D972 /* UIImageView+Extension.swift in Sources */,
				8CDB8AAA2906C6430088D972 /* MoviePosterData.swift in Sources */,
				8CDB8ACF290956110088D972 /* ReviewWriteViewController.swift in Sources */,
				8CDB8AF4290FCBCF0088D972 /* UIImage+Extension.swift in Sources */,
				8CDB8AE4290EADC50088D972 /* ReviewHelper.swift in Sources */,
				8CDB8AAF2906C6430088D972 /* BoxOfficeDetailsViewController.swift in Sources */,
				8CDB8AEA290EB43E0088D972 /* SettingView.swift in Sources */,
				8CDB8A6B2906C30A0088D972 /* MovieDiary.xcdatamodeld in Sources */,
				8CDB8AAC2906C6430088D972 /* ImageCacheManager.swift in Sources */,
				8CDB8AD8290AE49C0088D972 /* ReviewManager.swift in Sources */,
				8CDB8AC32907F8460088D972 /* MovieSearchView.swift in Sources */,
				8CDB8AB02906C6430088D972 /* BoxOfficeViewController.swift in Sources */,
				8CDB8AB22906C6430088D972 /* BoxOfficeTableViewCell.swift in Sources */,
				8CDB8ACD290956050088D972 /* ReviewWriteView.swift in Sources */,
				8CDB8A612906C30A0088D972 /* AppDelegate.swift in Sources */,
				8CDB8AA92906C6430088D972 /* BoxOfficeHelper.swift in Sources */,
				8CDB8AB12906C6430088D972 /* BoxOfficeView.swift in Sources */,
				8CDB8AAB2906C6430088D972 /* BoxOfficeData.swift in Sources */,
				8CDB8AAE2906C6430088D972 /* BoxOfficeDetailsView.swift in Sources */,
				8CDB8ABC2906CF150088D972 /* MovieReviewListViewController.swift in Sources */,
				8CDB8ADF290C05620088D972 /* MovieReviewDetailViewController.swift in Sources */,
				8CDB8AC72908259F0088D972 /* MovieSearchData.swift in Sources */,
				8CDB8AC12907F8220088D972 /* MovieSearchViewController.swift in Sources */,
				8CDB8A632906C30A0088D972 /* SceneDelegate.swift in Sources */,
				8CDB8AEE290EC7ED0088D972 /* MessageUI+Extension.swift in Sources */,
				8CDB8ABA2906CEB60088D972 /* MovieReviewListView.swift in Sources */,
				8CDB8AF2290FC4DB0088D972 /* Date+Extension.swift in Sources */,
				8CDB8AC9290837980088D972 /* MovieSearchHelper.swift in Sources */,
				8CDB8AC52907FDEE0088D972 /* MovieSearchTableViewCell.swift in Sources */,
				8CDB8AA82906C6430088D972 /* MovieDetailData.swift in Sources */,
				8CDB8AE7290EB4290088D972 /* SettingViewController.swift in Sources */,
				8CDB8ABE2906D5850088D972 /* MovieReviewListTableViewCell.swift in Sources */,
				8CDB8AD2290AC0980088D972 /* CoreDataManger.swift in Sources */,
				8CDB8ADD290C05550088D972 /* MovieReviewDetailView.swift in Sources */,
				8CDB8AAD2906C6430088D972 /* BoxOfficeService.swift in Sources */,
				8CDB8AF0290FB6B60088D972 /* UIImageView+Cache.swift in Sources */,
			);
			runOnlyForDeploymentPostprocessing = 0;
		};
		8CDB8A722906C30D0088D972 /* Sources */ = {
			isa = PBXSourcesBuildPhase;
			buildActionMask = 2147483647;
			files = (
				8CDB8A7B2906C30D0088D972 /* MovieDiaryTests.swift in Sources */,
			);
			runOnlyForDeploymentPostprocessing = 0;
		};
		8CDB8A7C2906C30D0088D972 /* Sources */ = {
			isa = PBXSourcesBuildPhase;
			buildActionMask = 2147483647;
			files = (
				8CDB8A852906C30D0088D972 /* MovieDiaryUITests.swift in Sources */,
				8CDB8A872906C30D0088D972 /* MovieDiaryUITestsLaunchTests.swift in Sources */,
			);
			runOnlyForDeploymentPostprocessing = 0;
		};
/* End PBXSourcesBuildPhase section */

/* Begin PBXTargetDependency section */
		8CDB8A782906C30D0088D972 /* PBXTargetDependency */ = {
			isa = PBXTargetDependency;
			target = 8CDB8A5C2906C30A0088D972 /* MovieDiary */;
			targetProxy = 8CDB8A772906C30D0088D972 /* PBXContainerItemProxy */;
		};
		8CDB8A822906C30D0088D972 /* PBXTargetDependency */ = {
			isa = PBXTargetDependency;
			target = 8CDB8A5C2906C30A0088D972 /* MovieDiary */;
			targetProxy = 8CDB8A812906C30D0088D972 /* PBXContainerItemProxy */;
		};
/* End PBXTargetDependency section */

/* Begin XCBuildConfiguration section */
		8CDB8A882906C30D0088D972 /* Debug */ = {
			isa = XCBuildConfiguration;
			buildSettings = {
				ALWAYS_SEARCH_USER_PATHS = NO;
				CLANG_ANALYZER_NONNULL = YES;
				CLANG_ANALYZER_NUMBER_OBJECT_CONVERSION = YES_AGGRESSIVE;
				CLANG_CXX_LANGUAGE_STANDARD = "gnu++20";
				CLANG_ENABLE_MODULES = YES;
				CLANG_ENABLE_OBJC_ARC = YES;
				CLANG_ENABLE_OBJC_WEAK = YES;
				CLANG_WARN_BLOCK_CAPTURE_AUTORELEASING = YES;
				CLANG_WARN_BOOL_CONVERSION = YES;
				CLANG_WARN_COMMA = YES;
				CLANG_WARN_CONSTANT_CONVERSION = YES;
				CLANG_WARN_DEPRECATED_OBJC_IMPLEMENTATIONS = YES;
				CLANG_WARN_DIRECT_OBJC_ISA_USAGE = YES_ERROR;
				CLANG_WARN_DOCUMENTATION_COMMENTS = YES;
				CLANG_WARN_EMPTY_BODY = YES;
				CLANG_WARN_ENUM_CONVERSION = YES;
				CLANG_WARN_INFINITE_RECURSION = YES;
				CLANG_WARN_INT_CONVERSION = YES;
				CLANG_WARN_NON_LITERAL_NULL_CONVERSION = YES;
				CLANG_WARN_OBJC_IMPLICIT_RETAIN_SELF = YES;
				CLANG_WARN_OBJC_LITERAL_CONVERSION = YES;
				CLANG_WARN_OBJC_ROOT_CLASS = YES_ERROR;
				CLANG_WARN_QUOTED_INCLUDE_IN_FRAMEWORK_HEADER = YES;
				CLANG_WARN_RANGE_LOOP_ANALYSIS = YES;
				CLANG_WARN_STRICT_PROTOTYPES = YES;
				CLANG_WARN_SUSPICIOUS_MOVE = YES;
				CLANG_WARN_UNGUARDED_AVAILABILITY = YES_AGGRESSIVE;
				CLANG_WARN_UNREACHABLE_CODE = YES;
				CLANG_WARN__DUPLICATE_METHOD_MATCH = YES;
				COPY_PHASE_STRIP = NO;
				DEBUG_INFORMATION_FORMAT = dwarf;
				ENABLE_STRICT_OBJC_MSGSEND = YES;
				ENABLE_TESTABILITY = YES;
				GCC_C_LANGUAGE_STANDARD = gnu11;
				GCC_DYNAMIC_NO_PIC = NO;
				GCC_NO_COMMON_BLOCKS = YES;
				GCC_OPTIMIZATION_LEVEL = 0;
				GCC_PREPROCESSOR_DEFINITIONS = (
					"DEBUG=1",
					"$(inherited)",
				);
				GCC_WARN_64_TO_32_BIT_CONVERSION = YES;
				GCC_WARN_ABOUT_RETURN_TYPE = YES_ERROR;
				GCC_WARN_UNDECLARED_SELECTOR = YES;
				GCC_WARN_UNINITIALIZED_AUTOS = YES_AGGRESSIVE;
				GCC_WARN_UNUSED_FUNCTION = YES;
				GCC_WARN_UNUSED_VARIABLE = YES;
				IPHONEOS_DEPLOYMENT_TARGET = 14.0;
				MTL_ENABLE_DEBUG_INFO = INCLUDE_SOURCE;
				MTL_FAST_MATH = YES;
				ONLY_ACTIVE_ARCH = YES;
				SDKROOT = iphoneos;
				SWIFT_ACTIVE_COMPILATION_CONDITIONS = DEBUG;
				SWIFT_OPTIMIZATION_LEVEL = "-Onone";
			};
			name = Debug;
		};
		8CDB8A892906C30D0088D972 /* Release */ = {
			isa = XCBuildConfiguration;
			buildSettings = {
				ALWAYS_SEARCH_USER_PATHS = NO;
				CLANG_ANALYZER_NONNULL = YES;
				CLANG_ANALYZER_NUMBER_OBJECT_CONVERSION = YES_AGGRESSIVE;
				CLANG_CXX_LANGUAGE_STANDARD = "gnu++20";
				CLANG_ENABLE_MODULES = YES;
				CLANG_ENABLE_OBJC_ARC = YES;
				CLANG_ENABLE_OBJC_WEAK = YES;
				CLANG_WARN_BLOCK_CAPTURE_AUTORELEASING = YES;
				CLANG_WARN_BOOL_CONVERSION = YES;
				CLANG_WARN_COMMA = YES;
				CLANG_WARN_CONSTANT_CONVERSION = YES;
				CLANG_WARN_DEPRECATED_OBJC_IMPLEMENTATIONS = YES;
				CLANG_WARN_DIRECT_OBJC_ISA_USAGE = YES_ERROR;
				CLANG_WARN_DOCUMENTATION_COMMENTS = YES;
				CLANG_WARN_EMPTY_BODY = YES;
				CLANG_WARN_ENUM_CONVERSION = YES;
				CLANG_WARN_INFINITE_RECURSION = YES;
				CLANG_WARN_INT_CONVERSION = YES;
				CLANG_WARN_NON_LITERAL_NULL_CONVERSION = YES;
				CLANG_WARN_OBJC_IMPLICIT_RETAIN_SELF = YES;
				CLANG_WARN_OBJC_LITERAL_CONVERSION = YES;
				CLANG_WARN_OBJC_ROOT_CLASS = YES_ERROR;
				CLANG_WARN_QUOTED_INCLUDE_IN_FRAMEWORK_HEADER = YES;
				CLANG_WARN_RANGE_LOOP_ANALYSIS = YES;
				CLANG_WARN_STRICT_PROTOTYPES = YES;
				CLANG_WARN_SUSPICIOUS_MOVE = YES;
				CLANG_WARN_UNGUARDED_AVAILABILITY = YES_AGGRESSIVE;
				CLANG_WARN_UNREACHABLE_CODE = YES;
				CLANG_WARN__DUPLICATE_METHOD_MATCH = YES;
				COPY_PHASE_STRIP = NO;
				DEBUG_INFORMATION_FORMAT = "dwarf-with-dsym";
				ENABLE_NS_ASSERTIONS = NO;
				ENABLE_STRICT_OBJC_MSGSEND = YES;
				GCC_C_LANGUAGE_STANDARD = gnu11;
				GCC_NO_COMMON_BLOCKS = YES;
				GCC_WARN_64_TO_32_BIT_CONVERSION = YES;
				GCC_WARN_ABOUT_RETURN_TYPE = YES_ERROR;
				GCC_WARN_UNDECLARED_SELECTOR = YES;
				GCC_WARN_UNINITIALIZED_AUTOS = YES_AGGRESSIVE;
				GCC_WARN_UNUSED_FUNCTION = YES;
				GCC_WARN_UNUSED_VARIABLE = YES;
				IPHONEOS_DEPLOYMENT_TARGET = 14.0;
				MTL_ENABLE_DEBUG_INFO = NO;
				MTL_FAST_MATH = YES;
				SDKROOT = iphoneos;
				SWIFT_COMPILATION_MODE = wholemodule;
				SWIFT_OPTIMIZATION_LEVEL = "-O";
				VALIDATE_PRODUCT = YES;
			};
			name = Release;
		};
		8CDB8A8B2906C30D0088D972 /* Debug */ = {
			isa = XCBuildConfiguration;
			buildSettings = {
				ASSETCATALOG_COMPILER_APPICON_NAME = AppIcon;
				ASSETCATALOG_COMPILER_GLOBAL_ACCENT_COLOR_NAME = AccentColor;
				CODE_SIGN_STYLE = Automatic;
				CURRENT_PROJECT_VERSION = 1;
				DEVELOPMENT_TEAM = AH24YSXN5M;
				GENERATE_INFOPLIST_FILE = YES;
				INFOPLIST_FILE = MovieDiary/Application/Info.plist;
				INFOPLIST_KEY_UIApplicationSupportsIndirectInputEvents = YES;
				INFOPLIST_KEY_UILaunchStoryboardName = LaunchScreen;
				INFOPLIST_KEY_UIStatusBarStyle = "";
				INFOPLIST_KEY_UISupportedInterfaceOrientations_iPad = "UIInterfaceOrientationPortrait UIInterfaceOrientationPortraitUpsideDown UIInterfaceOrientationLandscapeLeft UIInterfaceOrientationLandscapeRight";
				INFOPLIST_KEY_UISupportedInterfaceOrientations_iPhone = "UIInterfaceOrientationPortrait UIInterfaceOrientationLandscapeLeft UIInterfaceOrientationLandscapeRight";
				IPHONEOS_DEPLOYMENT_TARGET = 14.0;
				LD_RUNPATH_SEARCH_PATHS = (
					"$(inherited)",
					"@executable_path/Frameworks",
				);
				MARKETING_VERSION = 1.0;
				PRODUCT_BUNDLE_IDENTIFIER = kang.MovieDiary;
				PRODUCT_NAME = "$(TARGET_NAME)";
				SWIFT_EMIT_LOC_STRINGS = YES;
				SWIFT_VERSION = 5.0;
				TARGETED_DEVICE_FAMILY = "1,2";
			};
			name = Debug;
		};
		8CDB8A8C2906C30D0088D972 /* Release */ = {
			isa = XCBuildConfiguration;
			buildSettings = {
				ASSETCATALOG_COMPILER_APPICON_NAME = AppIcon;
				ASSETCATALOG_COMPILER_GLOBAL_ACCENT_COLOR_NAME = AccentColor;
				CODE_SIGN_STYLE = Automatic;
				CURRENT_PROJECT_VERSION = 1;
				DEVELOPMENT_TEAM = AH24YSXN5M;
				GENERATE_INFOPLIST_FILE = YES;
				INFOPLIST_FILE = MovieDiary/Application/Info.plist;
				INFOPLIST_KEY_UIApplicationSupportsIndirectInputEvents = YES;
				INFOPLIST_KEY_UILaunchStoryboardName = LaunchScreen;
				INFOPLIST_KEY_UIStatusBarStyle = "";
				INFOPLIST_KEY_UISupportedInterfaceOrientations_iPad = "UIInterfaceOrientationPortrait UIInterfaceOrientationPortraitUpsideDown UIInterfaceOrientationLandscapeLeft UIInterfaceOrientationLandscapeRight";
				INFOPLIST_KEY_UISupportedInterfaceOrientations_iPhone = "UIInterfaceOrientationPortrait UIInterfaceOrientationLandscapeLeft UIInterfaceOrientationLandscapeRight";
				IPHONEOS_DEPLOYMENT_TARGET = 14.0;
				LD_RUNPATH_SEARCH_PATHS = (
					"$(inherited)",
					"@executable_path/Frameworks",
				);
				MARKETING_VERSION = 1.0;
				PRODUCT_BUNDLE_IDENTIFIER = kang.MovieDiary;
				PRODUCT_NAME = "$(TARGET_NAME)";
				SWIFT_EMIT_LOC_STRINGS = YES;
				SWIFT_VERSION = 5.0;
				TARGETED_DEVICE_FAMILY = "1,2";
			};
			name = Release;
		};
		8CDB8A8E2906C30D0088D972 /* Debug */ = {
			isa = XCBuildConfiguration;
			buildSettings = {
				ALWAYS_EMBED_SWIFT_STANDARD_LIBRARIES = YES;
				BUNDLE_LOADER = "$(TEST_HOST)";
				CODE_SIGN_STYLE = Automatic;
				CURRENT_PROJECT_VERSION = 1;
				DEVELOPMENT_TEAM = AH24YSXN5M;
				GENERATE_INFOPLIST_FILE = YES;
				IPHONEOS_DEPLOYMENT_TARGET = 16.0;
				MARKETING_VERSION = 1.0;
				PRODUCT_BUNDLE_IDENTIFIER = kang.MovieDiaryTests;
				PRODUCT_NAME = "$(TARGET_NAME)";
				SWIFT_EMIT_LOC_STRINGS = NO;
				SWIFT_VERSION = 5.0;
				TARGETED_DEVICE_FAMILY = "1,2";
				TEST_HOST = "$(BUILT_PRODUCTS_DIR)/MovieDiary.app/$(BUNDLE_EXECUTABLE_FOLDER_PATH)/MovieDiary";
			};
			name = Debug;
		};
		8CDB8A8F2906C30D0088D972 /* Release */ = {
			isa = XCBuildConfiguration;
			buildSettings = {
				ALWAYS_EMBED_SWIFT_STANDARD_LIBRARIES = YES;
				BUNDLE_LOADER = "$(TEST_HOST)";
				CODE_SIGN_STYLE = Automatic;
				CURRENT_PROJECT_VERSION = 1;
				DEVELOPMENT_TEAM = AH24YSXN5M;
				GENERATE_INFOPLIST_FILE = YES;
				IPHONEOS_DEPLOYMENT_TARGET = 16.0;
				MARKETING_VERSION = 1.0;
				PRODUCT_BUNDLE_IDENTIFIER = kang.MovieDiaryTests;
				PRODUCT_NAME = "$(TARGET_NAME)";
				SWIFT_EMIT_LOC_STRINGS = NO;
				SWIFT_VERSION = 5.0;
				TARGETED_DEVICE_FAMILY = "1,2";
				TEST_HOST = "$(BUILT_PRODUCTS_DIR)/MovieDiary.app/$(BUNDLE_EXECUTABLE_FOLDER_PATH)/MovieDiary";
			};
			name = Release;
		};
		8CDB8A912906C30D0088D972 /* Debug */ = {
			isa = XCBuildConfiguration;
			buildSettings = {
				ALWAYS_EMBED_SWIFT_STANDARD_LIBRARIES = YES;
				CODE_SIGN_STYLE = Automatic;
				CURRENT_PROJECT_VERSION = 1;
				DEVELOPMENT_TEAM = AH24YSXN5M;
				GENERATE_INFOPLIST_FILE = YES;
				MARKETING_VERSION = 1.0;
				PRODUCT_BUNDLE_IDENTIFIER = kang.MovieDiaryUITests;
				PRODUCT_NAME = "$(TARGET_NAME)";
				SWIFT_EMIT_LOC_STRINGS = NO;
				SWIFT_VERSION = 5.0;
				TARGETED_DEVICE_FAMILY = "1,2";
				TEST_TARGET_NAME = MovieDiary;
			};
			name = Debug;
		};
		8CDB8A922906C30D0088D972 /* Release */ = {
			isa = XCBuildConfiguration;
			buildSettings = {
				ALWAYS_EMBED_SWIFT_STANDARD_LIBRARIES = YES;
				CODE_SIGN_STYLE = Automatic;
				CURRENT_PROJECT_VERSION = 1;
				DEVELOPMENT_TEAM = AH24YSXN5M;
				GENERATE_INFOPLIST_FILE = YES;
				MARKETING_VERSION = 1.0;
				PRODUCT_BUNDLE_IDENTIFIER = kang.MovieDiaryUITests;
				PRODUCT_NAME = "$(TARGET_NAME)";
				SWIFT_EMIT_LOC_STRINGS = NO;
				SWIFT_VERSION = 5.0;
				TARGETED_DEVICE_FAMILY = "1,2";
				TEST_TARGET_NAME = MovieDiary;
			};
			name = Release;
		};
/* End XCBuildConfiguration section */

/* Begin XCConfigurationList section */
		8CDB8A582906C30A0088D972 /* Build configuration list for PBXProject "MovieDiary" */ = {
			isa = XCConfigurationList;
			buildConfigurations = (
				8CDB8A882906C30D0088D972 /* Debug */,
				8CDB8A892906C30D0088D972 /* Release */,
			);
			defaultConfigurationIsVisible = 0;
			defaultConfigurationName = Release;
		};
		8CDB8A8A2906C30D0088D972 /* Build configuration list for PBXNativeTarget "MovieDiary" */ = {
			isa = XCConfigurationList;
			buildConfigurations = (
				8CDB8A8B2906C30D0088D972 /* Debug */,
				8CDB8A8C2906C30D0088D972 /* Release */,
			);
			defaultConfigurationIsVisible = 0;
			defaultConfigurationName = Release;
		};
		8CDB8A8D2906C30D0088D972 /* Build configuration list for PBXNativeTarget "MovieDiaryTests" */ = {
			isa = XCConfigurationList;
			buildConfigurations = (
				8CDB8A8E2906C30D0088D972 /* Debug */,
				8CDB8A8F2906C30D0088D972 /* Release */,
			);
			defaultConfigurationIsVisible = 0;
			defaultConfigurationName = Release;
		};
		8CDB8A902906C30D0088D972 /* Build configuration list for PBXNativeTarget "MovieDiaryUITests" */ = {
			isa = XCConfigurationList;
			buildConfigurations = (
				8CDB8A912906C30D0088D972 /* Debug */,
				8CDB8A922906C30D0088D972 /* Release */,
			);
			defaultConfigurationIsVisible = 0;
			defaultConfigurationName = Release;
		};
/* End XCConfigurationList section */

/* Begin XCVersionGroup section */
		8CDB8A692906C30A0088D972 /* MovieDiary.xcdatamodeld */ = {
			isa = XCVersionGroup;
			children = (
				8CDB8A6A2906C30A0088D972 /* MovieDiary.xcdatamodel */,
			);
			currentVersion = 8CDB8A6A2906C30A0088D972 /* MovieDiary.xcdatamodel */;
			path = MovieDiary.xcdatamodeld;
			sourceTree = "<group>";
			versionGroupType = wrapper.xcdatamodel;
		};
/* End XCVersionGroup section */
	};
	rootObject = 8CDB8A552906C30A0088D972 /* Project object */;
}
